<?xml version="1.0" encoding="utf-8"?>
<Project ToolsVersion="4.0" xmlns="http://schemas.microsoft.com/developer/msbuild/2003">
  <ItemGroup>
    <Filter Include="Contents">
      <UniqueIdentifier>{008940aa-e517-457b-8503-513090ace578}</UniqueIdentifier>
    </Filter>
    <Filter Include="Scenes">
      <UniqueIdentifier>{c0e866db-b7bb-4706-bb29-1afcfdcee73a}</UniqueIdentifier>
    </Filter>
    <Filter Include="PlayerScript">
      <UniqueIdentifier>{e1fafbb0-b65f-4047-a22f-c9a8cf487162}</UniqueIdentifier>
    </Filter>
  </ItemGroup>
  <ItemGroup>
    <ClInclude Include="Player.h">
      <Filter>Contents</Filter>
    </ClInclude>
    <ClInclude Include="LoadScenes.h">
      <Filter>Scenes</Filter>
    </ClInclude>
    <ClInclude Include="PlayScene.h">
      <Filter>Scenes</Filter>
    </ClInclude>
    <ClInclude Include="TitleScene.h">
      <Filter>Scenes</Filter>
    </ClInclude>
    <ClInclude Include="LoadResources.h" />
    <ClInclude Include="PlayerScript.h">
      <Filter>PlayerScript</Filter>
    </ClInclude>
    <ClInclude Include="Cat.h">
      <Filter>Contents</Filter>
    </ClInclude>
    <ClInclude Include="CatScript.h">
      <Filter>PlayerScript</Filter>
    </ClInclude>
    <ClInclude Include="Tile.h" />
    <ClInclude Include="ToolScene.h" />
  </ItemGroup>
  <ItemGroup>
    <ClCompile Include="Player.cpp">
      <Filter>Contents</Filter>
    </ClCompile>
    <ClCompile Include="PlayScene.cpp">
      <Filter>Scenes</Filter>
    </ClCompile>
    <ClCompile Include="TitleScene.cpp">
      <Filter>Scenes</Filter>
    </ClCompile>
    <ClCompile Include="PlayerScript.cpp">
      <Filter>PlayerScript</Filter>
    </ClCompile>
    <ClCompile Include="Cat.cpp">
      <Filter>Contents</Filter>
    </ClCompile>
    <ClCompile Include="CatScript.cpp">
      <Filter>PlayerScript</Filter>
    </ClCompile>
    <ClCompile Include="Tile.cpp" />
    <ClCompile Include="ToolScene.cpp" />
  </ItemGroup>
</Project>